
Microsoft Visual Studio Solution File, Format Version 12.00
# Visual Studio 2012
Project("{FAE04EC0-301F-11D3-BF4B-00C04F79EFBC}") = "Bibliotheek.Abstract", "Bibliotheek.Abstract\Bibliotheek.Abstract.csproj", "{65C6DB3C-265A-43C3-8CC7-97D3CDB69306}"
EndProject
Project("{FAE04EC0-301F-11D3-BF4B-00C04F79EFBC}") = "Bibliotheek.Domain", "Bibliotheek.Domain\Bibliotheek.Domain.csproj", "{732A2C47-4081-495E-94C6-9EDDAAE562ED}"
EndProject
Project("{FAE04EC0-301F-11D3-BF4B-00C04F79EFBC}") = "MvcBib", "MvcBib\MvcBib\MvcBib.csproj", "{A7594CAD-A371-4C3E-914C-18D7A1B28B0F}"
EndProject
Project("{FAE04EC0-301F-11D3-BF4B-00C04F79EFBC}") = "WebBibUnitTests", "WebBibUnitTests\WebBibUnitTests.csproj", "{51680705-3E51-4C3B-861A-6F0A005CA4CE}"
EndProject
Project("{FAE04EC0-301F-11D3-BF4B-00C04F79EFBC}") = "DarwinSecurity", "..\DarwinSecurity\DarwinSecurity.csproj", "{51736A4F-E038-4F11-99E0-8927624DF255}"
EndProject
Project("{FAE04EC0-301F-11D3-BF4B-00C04F79EFBC}") = "Tools", "Tools\Tools.csproj", "{0EF097C2-72CA-4A3D-AF51-3B280054A483}"
EndProject
Global
	GlobalSection(SolutionConfigurationPlatforms) = preSolution
		Debug|Any CPU = Debug|Any CPU
		Debug|ARM = Debug|ARM
		Debug|x64 = Debug|x64
		Debug|x86 = Debug|x86
		Release|Any CPU = Release|Any CPU
		Release|ARM = Release|ARM
		Release|x64 = Release|x64
		Release|x86 = Release|x86
	EndGlobalSection
	GlobalSection(ProjectConfigurationPlatforms) = postSolution
		{65C6DB3C-265A-43C3-8CC7-97D3CDB69306}.Debug|Any CPU.ActiveCfg = Debug|Any CPU
		{65C6DB3C-265A-43C3-8CC7-97D3CDB69306}.Debug|Any CPU.Build.0 = Debug|Any CPU
		{65C6DB3C-265A-43C3-8CC7-97D3CDB69306}.Debug|ARM.ActiveCfg = Debug|Any CPU
		{65C6DB3C-265A-43C3-8CC7-97D3CDB69306}.Debug|x64.ActiveCfg = Debug|Any CPU
		{65C6DB3C-265A-43C3-8CC7-97D3CDB69306}.Debug|x86.ActiveCfg = Debug|Any CPU
		{65C6DB3C-265A-43C3-8CC7-97D3CDB69306}.Release|Any CPU.ActiveCfg = Release|Any CPU
		{65C6DB3C-265A-43C3-8CC7-97D3CDB69306}.Release|Any CPU.Build.0 = Release|Any CPU
		{65C6DB3C-265A-43C3-8CC7-97D3CDB69306}.Release|ARM.ActiveCfg = Release|Any CPU
		{65C6DB3C-265A-43C3-8CC7-97D3CDB69306}.Release|x64.ActiveCfg = Release|Any CPU
		{65C6DB3C-265A-43C3-8CC7-97D3CDB69306}.Release|x86.ActiveCfg = Release|Any CPU
		{732A2C47-4081-495E-94C6-9EDDAAE562ED}.Debug|Any CPU.ActiveCfg = Debug|Any CPU
		{732A2C47-4081-495E-94C6-9EDDAAE562ED}.Debug|Any CPU.Build.0 = Debug|Any CPU
		{732A2C47-4081-495E-94C6-9EDDAAE562ED}.Debug|ARM.ActiveCfg = Debug|Any CPU
		{732A2C47-4081-495E-94C6-9EDDAAE562ED}.Debug|x64.ActiveCfg = Debug|Any CPU
		{732A2C47-4081-495E-94C6-9EDDAAE562ED}.Debug|x86.ActiveCfg = Debug|Any CPU
		{732A2C47-4081-495E-94C6-9EDDAAE562ED}.Release|Any CPU.ActiveCfg = Release|Any CPU
		{732A2C47-4081-495E-94C6-9EDDAAE562ED}.Release|Any CPU.Build.0 = Release|Any CPU
		{732A2C47-4081-495E-94C6-9EDDAAE562ED}.Release|ARM.ActiveCfg = Release|Any CPU
		{732A2C47-4081-495E-94C6-9EDDAAE562ED}.Release|x64.ActiveCfg = Release|Any CPU
		{732A2C47-4081-495E-94C6-9EDDAAE562ED}.Release|x86.ActiveCfg = Release|Any CPU
		{A7594CAD-A371-4C3E-914C-18D7A1B28B0F}.Debug|Any CPU.ActiveCfg = Debug|Any CPU
		{A7594CAD-A371-4C3E-914C-18D7A1B28B0F}.Debug|Any CPU.Build.0 = Debug|Any CPU
		{A7594CAD-A371-4C3E-914C-18D7A1B28B0F}.Debug|ARM.ActiveCfg = Debug|Any CPU
		{A7594CAD-A371-4C3E-914C-18D7A1B28B0F}.Debug|x64.ActiveCfg = Debug|Any CPU
		{A7594CAD-A371-4C3E-914C-18D7A1B28B0F}.Debug|x86.ActiveCfg = Debug|Any CPU
		{A7594CAD-A371-4C3E-914C-18D7A1B28B0F}.Release|Any CPU.ActiveCfg = Release|Any CPU
		{A7594CAD-A371-4C3E-914C-18D7A1B28B0F}.Release|Any CPU.Build.0 = Release|Any CPU
		{A7594CAD-A371-4C3E-914C-18D7A1B28B0F}.Release|ARM.ActiveCfg = Release|Any CPU
		{A7594CAD-A371-4C3E-914C-18D7A1B28B0F}.Release|x64.ActiveCfg = Release|Any CPU
		{A7594CAD-A371-4C3E-914C-18D7A1B28B0F}.Release|x86.ActiveCfg = Release|Any CPU
		{51680705-3E51-4C3B-861A-6F0A005CA4CE}.Debug|Any CPU.ActiveCfg = Debug|Any CPU
		{51680705-3E51-4C3B-861A-6F0A005CA4CE}.Debug|Any CPU.Build.0 = Debug|Any CPU
		{51680705-3E51-4C3B-861A-6F0A005CA4CE}.Debug|ARM.ActiveCfg = Debug|Any CPU
		{51680705-3E51-4C3B-861A-6F0A005CA4CE}.Debug|x64.ActiveCfg = Debug|Any CPU
		{51680705-3E51-4C3B-861A-6F0A005CA4CE}.Debug|x86.ActiveCfg = Debug|Any CPU
		{51680705-3E51-4C3B-861A-6F0A005CA4CE}.Release|Any CPU.ActiveCfg = Release|Any CPU
		{51680705-3E51-4C3B-861A-6F0A005CA4CE}.Release|Any CPU.Build.0 = Release|Any CPU
		{51680705-3E51-4C3B-861A-6F0A005CA4CE}.Release|ARM.ActiveCfg = Release|Any CPU
		{51680705-3E51-4C3B-861A-6F0A005CA4CE}.Release|x64.ActiveCfg = Release|Any CPU
		{51680705-3E51-4C3B-861A-6F0A005CA4CE}.Release|x86.ActiveCfg = Release|Any CPU
		{51736A4F-E038-4F11-99E0-8927624DF255}.Debug|Any CPU.ActiveCfg = Debug|Any CPU
		{51736A4F-E038-4F11-99E0-8927624DF255}.Debug|Any CPU.Build.0 = Debug|Any CPU
		{51736A4F-E038-4F11-99E0-8927624DF255}.Debug|ARM.ActiveCfg = Debug|Any CPU
		{51736A4F-E038-4F11-99E0-8927624DF255}.Debug|x64.ActiveCfg = Debug|Any CPU
		{51736A4F-E038-4F11-99E0-8927624DF255}.Debug|x86.ActiveCfg = Debug|Any CPU
		{51736A4F-E038-4F11-99E0-8927624DF255}.Release|Any CPU.ActiveCfg = Release|Any CPU
		{51736A4F-E038-4F11-99E0-8927624DF255}.Release|Any CPU.Build.0 = Release|Any CPU
		{51736A4F-E038-4F11-99E0-8927624DF255}.Release|ARM.ActiveCfg = Release|Any CPU
		{51736A4F-E038-4F11-99E0-8927624DF255}.Release|x64.ActiveCfg = Release|Any CPU
		{51736A4F-E038-4F11-99E0-8927624DF255}.Release|x86.ActiveCfg = Release|Any CPU
		{0EF097C2-72CA-4A3D-AF51-3B280054A483}.Debug|Any CPU.ActiveCfg = Debug|Any CPU
		{0EF097C2-72CA-4A3D-AF51-3B280054A483}.Debug|Any CPU.Build.0 = Debug|Any CPU
		{0EF097C2-72CA-4A3D-AF51-3B280054A483}.Debug|ARM.ActiveCfg = Debug|Any CPU
		{0EF097C2-72CA-4A3D-AF51-3B280054A483}.Debug|x64.ActiveCfg = Debug|Any CPU
		{0EF097C2-72CA-4A3D-AF51-3B280054A483}.Debug|x86.ActiveCfg = Debug|Any CPU
		{0EF097C2-72CA-4A3D-AF51-3B280054A483}.Release|Any CPU.ActiveCfg = Release|Any CPU
		{0EF097C2-72CA-4A3D-AF51-3B280054A483}.Release|Any CPU.Build.0 = Release|Any CPU
		{0EF097C2-72CA-4A3D-AF51-3B280054A483}.Release|ARM.ActiveCfg = Release|Any CPU
		{0EF097C2-72CA-4A3D-AF51-3B280054A483}.Release|x64.ActiveCfg = Release|Any CPU
		{0EF097C2-72CA-4A3D-AF51-3B280054A483}.Release|x86.ActiveCfg = Release|Any CPU
	EndGlobalSection
	GlobalSection(SolutionProperties) = preSolution
		HideSolutionNode = FALSE
	EndGlobalSection
EndGlobal
